// !$*UTF8*$!
{
	archiveVersion = 1;
	classes = {
	};
	objectVersion = 48;
	objects = {

/* Begin PBXBuildFile section */
		09D8C92540474F5307B7B005 /* Pods_OddityTests.framework in Frameworks */ = {isa = PBXBuildFile; fileRef = B97CFFFB489F2A43F140DC42 /* Pods_OddityTests.framework */; };
		316A462B560EFF5F0A282260 /* Pods_OddityUITests.framework in Frameworks */ = {isa = PBXBuildFile; fileRef = DAD9CEFBFA1F963C05256E8B /* Pods_OddityUITests.framework */; };
		B55294A51FF2313E0060E2FA /* OddsDetail.storyboard in Resources */ = {isa = PBXBuildFile; fileRef = B55294A31FF231370060E2FA /* OddsDetail.storyboard */; };
		B55294A71FF24E770060E2FA /* HistoryTableViewCell.swift in Sources */ = {isa = PBXBuildFile; fileRef = B55294A61FF24E770060E2FA /* HistoryTableViewCell.swift */; };
		B55294A91FF253560060E2FA /* Match.swift in Sources */ = {isa = PBXBuildFile; fileRef = B55294A81FF253560060E2FA /* Match.swift */; };
		B55294AB1FF2F2F50060E2FA /* HistoryViewController.swift in Sources */ = {isa = PBXBuildFile; fileRef = B55294AA1FF2F2F50060E2FA /* HistoryViewController.swift */; };
		B56AE5031FEC976B0004E965 /* OddsMasterViewController.swift in Sources */ = {isa = PBXBuildFile; fileRef = B56AE5021FEC976B0004E965 /* OddsMasterViewController.swift */; };
		B56AE5051FEC978E0004E965 /* OddsWaitingViewController.swift in Sources */ = {isa = PBXBuildFile; fileRef = B56AE5041FEC978E0004E965 /* OddsWaitingViewController.swift */; };
		B56AE5071FEC97BF0004E965 /* OddsLimitViewController.swift in Sources */ = {isa = PBXBuildFile; fileRef = B56AE5061FEC97BF0004E965 /* OddsLimitViewController.swift */; };
		B56AE5091FEC97EA0004E965 /* OddsRespondViewController.swift in Sources */ = {isa = PBXBuildFile; fileRef = B56AE5081FEC97EA0004E965 /* OddsRespondViewController.swift */; };
		B56AE50B1FEC97FC0004E965 /* OddsResultViewController.swift in Sources */ = {isa = PBXBuildFile; fileRef = B56AE50A1FEC97FC0004E965 /* OddsResultViewController.swift */; };
		B5780C281FF0433F00694FB8 /* ColorThemes.swift in Sources */ = {isa = PBXBuildFile; fileRef = B5780C271FF0433F00694FB8 /* ColorThemes.swift */; };
		B5780C2A1FF1DD5F00694FB8 /* WelcomeViewController.swift in Sources */ = {isa = PBXBuildFile; fileRef = B5780C291FF1DD5F00694FB8 /* WelcomeViewController.swift */; };
		B5780C2C1FF1EB0A00694FB8 /* SignupViewController.swift in Sources */ = {isa = PBXBuildFile; fileRef = B5780C2B1FF1EB0A00694FB8 /* SignupViewController.swift */; };
		B5780C2E1FF1F74D00694FB8 /* Validator.swift in Sources */ = {isa = PBXBuildFile; fileRef = B5780C2D1FF1F74D00694FB8 /* Validator.swift */; };
		B59196761FE4A00A00ECC5EE /* AppDelegate.swift in Sources */ = {isa = PBXBuildFile; fileRef = B59196751FE4A00A00ECC5EE /* AppDelegate.swift */; };
		B59196781FE4A00A00ECC5EE /* LoginViewController.swift in Sources */ = {isa = PBXBuildFile; fileRef = B59196771FE4A00A00ECC5EE /* LoginViewController.swift */; };
		B591967B1FE4A00A00ECC5EE /* Main.storyboard in Resources */ = {isa = PBXBuildFile; fileRef = B59196791FE4A00A00ECC5EE /* Main.storyboard */; };
		B591967D1FE4A00A00ECC5EE /* Assets.xcassets in Resources */ = {isa = PBXBuildFile; fileRef = B591967C1FE4A00A00ECC5EE /* Assets.xcassets */; };
		B59196801FE4A00A00ECC5EE /* LaunchScreen.storyboard in Resources */ = {isa = PBXBuildFile; fileRef = B591967E1FE4A00A00ECC5EE /* LaunchScreen.storyboard */; };
		B591968B1FE4A00A00ECC5EE /* OddityTests.swift in Sources */ = {isa = PBXBuildFile; fileRef = B591968A1FE4A00A00ECC5EE /* OddityTests.swift */; };
		B59196961FE4A00A00ECC5EE /* OddityUITests.swift in Sources */ = {isa = PBXBuildFile; fileRef = B59196951FE4A00A00ECC5EE /* OddityUITests.swift */; };
		B59196A41FE4A0C200ECC5EE /* GoogleService-Info.plist in Resources */ = {isa = PBXBuildFile; fileRef = B59196A31FE4A08D00ECC5EE /* GoogleService-Info.plist */; };
		B59196A51FE4A0C200ECC5EE /* GoogleService-Info.plist in Resources */ = {isa = PBXBuildFile; fileRef = B59196A31FE4A08D00ECC5EE /* GoogleService-Info.plist */; };
		B59196A61FE4A0C300ECC5EE /* GoogleService-Info.plist in Resources */ = {isa = PBXBuildFile; fileRef = B59196A31FE4A08D00ECC5EE /* GoogleService-Info.plist */; };
		B59196A81FE9A46800ECC5EE /* HomeViewController.swift in Sources */ = {isa = PBXBuildFile; fileRef = B59196A71FE9A46800ECC5EE /* HomeViewController.swift */; };
		B59196AA1FEB0F3900ECC5EE /* RoundButton.swift in Sources */ = {isa = PBXBuildFile; fileRef = B59196A91FEB0F3900ECC5EE /* RoundButton.swift */; };
		B59196AC1FEB1D0A00ECC5EE /* OddsDetailViewController.swift in Sources */ = {isa = PBXBuildFile; fileRef = B59196AB1FEB1D0A00ECC5EE /* OddsDetailViewController.swift */; };
		B5A934761FEDB288000DA99D /* HistoryTableViewController.swift in Sources */ = {isa = PBXBuildFile; fileRef = B5A934751FEDB288000DA99D /* HistoryTableViewController.swift */; };
		B5A934781FEDE3B3000DA99D /* Login.storyboard in Resources */ = {isa = PBXBuildFile; fileRef = B5A934771FEDE3B3000DA99D /* Login.storyboard */; };
		B5C0A3F01FEF7D8A006C7F40 /* ProfileTableViewController.swift in Sources */ = {isa = PBXBuildFile; fileRef = B5C0A3EF1FEF7D8A006C7F40 /* ProfileTableViewController.swift */; };
		B5C0A3F21FEF7D9A006C7F40 /* ProfileViewController.swift in Sources */ = {isa = PBXBuildFile; fileRef = B5C0A3F11FEF7D9A006C7F40 /* ProfileViewController.swift */; };
		B5E233BB1FEF0ED4007F3E10 /* PagesViewController.swift in Sources */ = {isa = PBXBuildFile; fileRef = B5E233BA1FEF0ED4007F3E10 /* PagesViewController.swift */; };
		DA396C55B89D53B72D462802 /* Pods_Oddity.framework in Frameworks */ = {isa = PBXBuildFile; fileRef = 54D7B9A9FAA3F8EE7D32EA8D /* Pods_Oddity.framework */; };
/* End PBXBuildFile section */

/* Begin PBXContainerItemProxy section */
		B59196871FE4A00A00ECC5EE /* PBXContainerItemProxy */ = {
			isa = PBXContainerItemProxy;
			containerPortal = B591966A1FE4A00A00ECC5EE /* Project object */;
			proxyType = 1;
			remoteGlobalIDString = B59196711FE4A00A00ECC5EE;
			remoteInfo = Oddity;
		};
		B59196921FE4A00A00ECC5EE /* PBXContainerItemProxy */ = {
			isa = PBXContainerItemProxy;
			containerPortal = B591966A1FE4A00A00ECC5EE /* Project object */;
			proxyType = 1;
			remoteGlobalIDString = B59196711FE4A00A00ECC5EE;
			remoteInfo = Oddity;
		};
/* End PBXContainerItemProxy section */

/* Begin PBXFileReference section */
		0B525502C5238476DC404729 /* Pods-Oddity.debug.xcconfig */ = {isa = PBXFileReference; includeInIndex = 1; lastKnownFileType = text.xcconfig; name = "Pods-Oddity.debug.xcconfig"; path = "Pods/Target Support Files/Pods-Oddity/Pods-Oddity.debug.xcconfig"; sourceTree = "<group>"; };
		36D3F5CE97D154241282224C /* Pods-OddityTests.release.xcconfig */ = {isa = PBXFileReference; includeInIndex = 1; lastKnownFileType = text.xcconfig; name = "Pods-OddityTests.release.xcconfig"; path = "Pods/Target Support Files/Pods-OddityTests/Pods-OddityTests.release.xcconfig"; sourceTree = "<group>"; };
		42CE0ADC18DC75ED5708D862 /* Pods-Oddity.release.xcconfig */ = {isa = PBXFileReference; includeInIndex = 1; lastKnownFileType = text.xcconfig; name = "Pods-Oddity.release.xcconfig"; path = "Pods/Target Support Files/Pods-Oddity/Pods-Oddity.release.xcconfig"; sourceTree = "<group>"; };
		54D7B9A9FAA3F8EE7D32EA8D /* Pods_Oddity.framework */ = {isa = PBXFileReference; explicitFileType = wrapper.framework; includeInIndex = 0; path = Pods_Oddity.framework; sourceTree = BUILT_PRODUCTS_DIR; };
		5C1A83EED5D08A61DCD755F7 /* Pods-OddityTests.debug.xcconfig */ = {isa = PBXFileReference; includeInIndex = 1; lastKnownFileType = text.xcconfig; name = "Pods-OddityTests.debug.xcconfig"; path = "Pods/Target Support Files/Pods-OddityTests/Pods-OddityTests.debug.xcconfig"; sourceTree = "<group>"; };
		5F4743E9A261294C02EFC46B /* Pods-OddityUITests.debug.xcconfig */ = {isa = PBXFileReference; includeInIndex = 1; lastKnownFileType = text.xcconfig; name = "Pods-OddityUITests.debug.xcconfig"; path = "Pods/Target Support Files/Pods-OddityUITests/Pods-OddityUITests.debug.xcconfig"; sourceTree = "<group>"; };
		9330D98432E2019994AAD05B /* Pods-OddityUITests.release.xcconfig */ = {isa = PBXFileReference; includeInIndex = 1; lastKnownFileType = text.xcconfig; name = "Pods-OddityUITests.release.xcconfig"; path = "Pods/Target Support Files/Pods-OddityUITests/Pods-OddityUITests.release.xcconfig"; sourceTree = "<group>"; };
		B55294A41FF231370060E2FA /* Base */ = {isa = PBXFileReference; lastKnownFileType = file.storyboard; name = Base; path = Base.lproj/OddsDetail.storyboard; sourceTree = "<group>"; };
		B55294A61FF24E770060E2FA /* HistoryTableViewCell.swift */ = {isa = PBXFileReference; lastKnownFileType = sourcecode.swift; path = HistoryTableViewCell.swift; sourceTree = "<group>"; };
		B55294A81FF253560060E2FA /* Match.swift */ = {isa = PBXFileReference; lastKnownFileType = sourcecode.swift; path = Match.swift; sourceTree = "<group>"; };
		B55294AA1FF2F2F50060E2FA /* HistoryViewController.swift */ = {isa = PBXFileReference; lastKnownFileType = sourcecode.swift; path = HistoryViewController.swift; sourceTree = "<group>"; };
		B56AE5021FEC976B0004E965 /* OddsMasterViewController.swift */ = {isa = PBXFileReference; lastKnownFileType = sourcecode.swift; path = OddsMasterViewController.swift; sourceTree = "<group>"; };
		B56AE5041FEC978E0004E965 /* OddsWaitingViewController.swift */ = {isa = PBXFileReference; lastKnownFileType = sourcecode.swift; path = OddsWaitingViewController.swift; sourceTree = "<group>"; };
		B56AE5061FEC97BF0004E965 /* OddsLimitViewController.swift */ = {isa = PBXFileReference; lastKnownFileType = sourcecode.swift; path = OddsLimitViewController.swift; sourceTree = "<group>"; };
		B56AE5081FEC97EA0004E965 /* OddsRespondViewController.swift */ = {isa = PBXFileReference; lastKnownFileType = sourcecode.swift; path = OddsRespondViewController.swift; sourceTree = "<group>"; };
		B56AE50A1FEC97FC0004E965 /* OddsResultViewController.swift */ = {isa = PBXFileReference; lastKnownFileType = sourcecode.swift; path = OddsResultViewController.swift; sourceTree = "<group>"; };
		B5780C271FF0433F00694FB8 /* ColorThemes.swift */ = {isa = PBXFileReference; lastKnownFileType = sourcecode.swift; path = ColorThemes.swift; sourceTree = "<group>"; };
		B5780C291FF1DD5F00694FB8 /* WelcomeViewController.swift */ = {isa = PBXFileReference; lastKnownFileType = sourcecode.swift; path = WelcomeViewController.swift; sourceTree = "<group>"; };
		B5780C2B1FF1EB0A00694FB8 /* SignupViewController.swift */ = {isa = PBXFileReference; lastKnownFileType = sourcecode.swift; path = SignupViewController.swift; sourceTree = "<group>"; };
		B5780C2D1FF1F74D00694FB8 /* Validator.swift */ = {isa = PBXFileReference; lastKnownFileType = sourcecode.swift; path = Validator.swift; sourceTree = "<group>"; };
		B57E06F01FF219A00030605D /* Oddity-Bridging-Header.h */ = {isa = PBXFileReference; lastKnownFileType = sourcecode.c.h; path = "Oddity-Bridging-Header.h"; sourceTree = "<group>"; };
		B59196721FE4A00A00ECC5EE /* Oddity.app */ = {isa = PBXFileReference; explicitFileType = wrapper.application; includeInIndex = 0; path = Oddity.app; sourceTree = BUILT_PRODUCTS_DIR; };
		B59196751FE4A00A00ECC5EE /* AppDelegate.swift */ = {isa = PBXFileReference; lastKnownFileType = sourcecode.swift; path = AppDelegate.swift; sourceTree = "<group>"; };
		B59196771FE4A00A00ECC5EE /* LoginViewController.swift */ = {isa = PBXFileReference; lastKnownFileType = sourcecode.swift; path = LoginViewController.swift; sourceTree = "<group>"; };
		B591967A1FE4A00A00ECC5EE /* Base */ = {isa = PBXFileReference; lastKnownFileType = file.storyboard; name = Base; path = Base.lproj/Main.storyboard; sourceTree = "<group>"; };
		B591967C1FE4A00A00ECC5EE /* Assets.xcassets */ = {isa = PBXFileReference; lastKnownFileType = folder.assetcatalog; path = Assets.xcassets; sourceTree = "<group>"; };
		B591967F1FE4A00A00ECC5EE /* Base */ = {isa = PBXFileReference; lastKnownFileType = file.storyboard; name = Base; path = Base.lproj/LaunchScreen.storyboard; sourceTree = "<group>"; };
		B59196811FE4A00A00ECC5EE /* Info.plist */ = {isa = PBXFileReference; lastKnownFileType = text.plist.xml; path = Info.plist; sourceTree = "<group>"; };
		B59196861FE4A00A00ECC5EE /* OddityTests.xctest */ = {isa = PBXFileReference; explicitFileType = wrapper.cfbundle; includeInIndex = 0; path = OddityTests.xctest; sourceTree = BUILT_PRODUCTS_DIR; };
		B591968A1FE4A00A00ECC5EE /* OddityTests.swift */ = {isa = PBXFileReference; lastKnownFileType = sourcecode.swift; path = OddityTests.swift; sourceTree = "<group>"; };
		B591968C1FE4A00A00ECC5EE /* Info.plist */ = {isa = PBXFileReference; lastKnownFileType = text.plist.xml; path = Info.plist; sourceTree = "<group>"; };
		B59196911FE4A00A00ECC5EE /* OddityUITests.xctest */ = {isa = PBXFileReference; explicitFileType = wrapper.cfbundle; includeInIndex = 0; path = OddityUITests.xctest; sourceTree = BUILT_PRODUCTS_DIR; };
		B59196951FE4A00A00ECC5EE /* OddityUITests.swift */ = {isa = PBXFileReference; lastKnownFileType = sourcecode.swift; path = OddityUITests.swift; sourceTree = "<group>"; };
		B59196971FE4A00A00ECC5EE /* Info.plist */ = {isa = PBXFileReference; lastKnownFileType = text.plist.xml; path = Info.plist; sourceTree = "<group>"; };
		B59196A31FE4A08D00ECC5EE /* GoogleService-Info.plist */ = {isa = PBXFileReference; lastKnownFileType = text.plist.xml; path = "GoogleService-Info.plist"; sourceTree = SOURCE_ROOT; };
		B59196A71FE9A46800ECC5EE /* HomeViewController.swift */ = {isa = PBXFileReference; lastKnownFileType = sourcecode.swift; path = HomeViewController.swift; sourceTree = "<group>"; };
		B59196A91FEB0F3900ECC5EE /* RoundButton.swift */ = {isa = PBXFileReference; lastKnownFileType = sourcecode.swift; path = RoundButton.swift; sourceTree = "<group>"; };
		B59196AB1FEB1D0A00ECC5EE /* OddsDetailViewController.swift */ = {isa = PBXFileReference; lastKnownFileType = sourcecode.swift; path = OddsDetailViewController.swift; sourceTree = "<group>"; };
		B5A934751FEDB288000DA99D /* HistoryTableViewController.swift */ = {isa = PBXFileReference; lastKnownFileType = sourcecode.swift; path = HistoryTableViewController.swift; sourceTree = "<group>"; };
		B5A934771FEDE3B3000DA99D /* Login.storyboard */ = {isa = PBXFileReference; lastKnownFileType = file.storyboard; path = Login.storyboard; sourceTree = "<group>"; };
		B5C0A3EF1FEF7D8A006C7F40 /* ProfileTableViewController.swift */ = {isa = PBXFileReference; lastKnownFileType = sourcecode.swift; path = ProfileTableViewController.swift; sourceTree = "<group>"; };
		B5C0A3F11FEF7D9A006C7F40 /* ProfileViewController.swift */ = {isa = PBXFileReference; lastKnownFileType = sourcecode.swift; path = ProfileViewController.swift; sourceTree = "<group>"; };
		B5E233BA1FEF0ED4007F3E10 /* PagesViewController.swift */ = {isa = PBXFileReference; lastKnownFileType = sourcecode.swift; path = PagesViewController.swift; sourceTree = "<group>"; };
		B97CFFFB489F2A43F140DC42 /* Pods_OddityTests.framework */ = {isa = PBXFileReference; explicitFileType = wrapper.framework; includeInIndex = 0; path = Pods_OddityTests.framework; sourceTree = BUILT_PRODUCTS_DIR; };
		DAD9CEFBFA1F963C05256E8B /* Pods_OddityUITests.framework */ = {isa = PBXFileReference; explicitFileType = wrapper.framework; includeInIndex = 0; path = Pods_OddityUITests.framework; sourceTree = BUILT_PRODUCTS_DIR; };
/* End PBXFileReference section */

/* Begin PBXFrameworksBuildPhase section */
		B591966F1FE4A00A00ECC5EE /* Frameworks */ = {
			isa = PBXFrameworksBuildPhase;
			buildActionMask = 2147483647;
			files = (
				DA396C55B89D53B72D462802 /* Pods_Oddity.framework in Frameworks */,
			);
			runOnlyForDeploymentPostprocessing = 0;
		};
		B59196831FE4A00A00ECC5EE /* Frameworks */ = {
			isa = PBXFrameworksBuildPhase;
			buildActionMask = 2147483647;
			files = (
				09D8C92540474F5307B7B005 /* Pods_OddityTests.framework in Frameworks */,
			);
			runOnlyForDeploymentPostprocessing = 0;
		};
		B591968E1FE4A00A00ECC5EE /* Frameworks */ = {
			isa = PBXFrameworksBuildPhase;
			buildActionMask = 2147483647;
			files = (
				316A462B560EFF5F0A282260 /* Pods_OddityUITests.framework in Frameworks */,
			);
			runOnlyForDeploymentPostprocessing = 0;
		};
/* End PBXFrameworksBuildPhase section */

/* Begin PBXGroup section */
		0F77F3F44511C8DE8E9E97B3 /* Frameworks */ = {
			isa = PBXGroup;
			children = (
				54D7B9A9FAA3F8EE7D32EA8D /* Pods_Oddity.framework */,
				B97CFFFB489F2A43F140DC42 /* Pods_OddityTests.framework */,
				DAD9CEFBFA1F963C05256E8B /* Pods_OddityUITests.framework */,
			);
			name = Frameworks;
			sourceTree = "<group>";
		};
		B59196691FE4A00A00ECC5EE = {
			isa = PBXGroup;
			children = (
				B59196741FE4A00A00ECC5EE /* Oddity */,
				B59196891FE4A00A00ECC5EE /* OddityTests */,
				B59196941FE4A00A00ECC5EE /* OddityUITests */,
				B59196731FE4A00A00ECC5EE /* Products */,
				D76E497F035118DE5184FD7F /* Pods */,
				0F77F3F44511C8DE8E9E97B3 /* Frameworks */,
				B57E06F01FF219A00030605D /* Oddity-Bridging-Header.h */,
			);
			sourceTree = "<group>";
		};
		B59196731FE4A00A00ECC5EE /* Products */ = {
			isa = PBXGroup;
			children = (
				B59196721FE4A00A00ECC5EE /* Oddity.app */,
				B59196861FE4A00A00ECC5EE /* OddityTests.xctest */,
				B59196911FE4A00A00ECC5EE /* OddityUITests.xctest */,
			);
			name = Products;
			sourceTree = "<group>";
		};
		B59196741FE4A00A00ECC5EE /* Oddity */ = {
			isa = PBXGroup;
			children = (
				B5780C271FF0433F00694FB8 /* ColorThemes.swift */,
				B59196751FE4A00A00ECC5EE /* AppDelegate.swift */,
				B5780C291FF1DD5F00694FB8 /* WelcomeViewController.swift */,
				B59196771FE4A00A00ECC5EE /* LoginViewController.swift */,
				B5780C2B1FF1EB0A00694FB8 /* SignupViewController.swift */,
				B59196791FE4A00A00ECC5EE /* Main.storyboard */,
				B55294AA1FF2F2F50060E2FA /* HistoryViewController.swift */,
				B55294A61FF24E770060E2FA /* HistoryTableViewCell.swift */,
				B55294A31FF231370060E2FA /* OddsDetail.storyboard */,
				B5C0A3EF1FEF7D8A006C7F40 /* ProfileTableViewController.swift */,
				B5780C2D1FF1F74D00694FB8 /* Validator.swift */,
				B5C0A3F11FEF7D9A006C7F40 /* ProfileViewController.swift */,
				B5E233BA1FEF0ED4007F3E10 /* PagesViewController.swift */,
				B5A934771FEDE3B3000DA99D /* Login.storyboard */,
				B5A934751FEDB288000DA99D /* HistoryTableViewController.swift */,
				B55294A81FF253560060E2FA /* Match.swift */,
				B56AE50A1FEC97FC0004E965 /* OddsResultViewController.swift */,
				B56AE5081FEC97EA0004E965 /* OddsRespondViewController.swift */,
				B56AE5061FEC97BF0004E965 /* OddsLimitViewController.swift */,
				B56AE5041FEC978E0004E965 /* OddsWaitingViewController.swift */,
				B56AE5021FEC976B0004E965 /* OddsMasterViewController.swift */,
				B59196A71FE9A46800ECC5EE /* HomeViewController.swift */,
				B59196AB1FEB1D0A00ECC5EE /* OddsDetailViewController.swift */,
				B59196A91FEB0F3900ECC5EE /* RoundButton.swift */,
				B591967C1FE4A00A00ECC5EE /* Assets.xcassets */,
				B59196A31FE4A08D00ECC5EE /* GoogleService-Info.plist */,
				B591967E1FE4A00A00ECC5EE /* LaunchScreen.storyboard */,
				B59196811FE4A00A00ECC5EE /* Info.plist */,
			);
			path = Oddity;
			sourceTree = "<group>";
		};
		B59196891FE4A00A00ECC5EE /* OddityTests */ = {
			isa = PBXGroup;
			children = (
				B591968A1FE4A00A00ECC5EE /* OddityTests.swift */,
				B591968C1FE4A00A00ECC5EE /* Info.plist */,
			);
			path = OddityTests;
			sourceTree = "<group>";
		};
		B59196941FE4A00A00ECC5EE /* OddityUITests */ = {
			isa = PBXGroup;
			children = (
				B59196951FE4A00A00ECC5EE /* OddityUITests.swift */,
				B59196971FE4A00A00ECC5EE /* Info.plist */,
			);
			path = OddityUITests;
			sourceTree = "<group>";
		};
		D76E497F035118DE5184FD7F /* Pods */ = {
			isa = PBXGroup;
			children = (
				0B525502C5238476DC404729 /* Pods-Oddity.debug.xcconfig */,
				42CE0ADC18DC75ED5708D862 /* Pods-Oddity.release.xcconfig */,
				5C1A83EED5D08A61DCD755F7 /* Pods-OddityTests.debug.xcconfig */,
				36D3F5CE97D154241282224C /* Pods-OddityTests.release.xcconfig */,
				5F4743E9A261294C02EFC46B /* Pods-OddityUITests.debug.xcconfig */,
				9330D98432E2019994AAD05B /* Pods-OddityUITests.release.xcconfig */,
			);
			name = Pods;
			sourceTree = "<group>";
		};
/* End PBXGroup section */

/* Begin PBXNativeTarget section */
		B59196711FE4A00A00ECC5EE /* Oddity */ = {
			isa = PBXNativeTarget;
			buildConfigurationList = B591969A1FE4A00A00ECC5EE /* Build configuration list for PBXNativeTarget "Oddity" */;
			buildPhases = (
				E38D53390CE5A8401F455579 /* [CP] Check Pods Manifest.lock */,
				B591966E1FE4A00A00ECC5EE /* Sources */,
				B591966F1FE4A00A00ECC5EE /* Frameworks */,
				B59196701FE4A00A00ECC5EE /* Resources */,
				37155AFE049EB6B27070B601 /* [CP] Embed Pods Frameworks */,
				AA09847CFD93D652A6369294 /* [CP] Copy Pods Resources */,
			);
			buildRules = (
			);
			dependencies = (
			);
			name = Oddity;
			productName = Oddity;
			productReference = B59196721FE4A00A00ECC5EE /* Oddity.app */;
			productType = "com.apple.product-type.application";
		};
		B59196851FE4A00A00ECC5EE /* OddityTests */ = {
			isa = PBXNativeTarget;
			buildConfigurationList = B591969D1FE4A00A00ECC5EE /* Build configuration list for PBXNativeTarget "OddityTests" */;
			buildPhases = (
				FA36E06D2B4B45B38A093459 /* [CP] Check Pods Manifest.lock */,
				B59196821FE4A00A00ECC5EE /* Sources */,
				B59196831FE4A00A00ECC5EE /* Frameworks */,
				B59196841FE4A00A00ECC5EE /* Resources */,
				B5115C85C4C6E3AD3F0275E7 /* [CP] Embed Pods Frameworks */,
				F639F5A7304221DEB605EE03 /* [CP] Copy Pods Resources */,
			);
			buildRules = (
			);
			dependencies = (
				B59196881FE4A00A00ECC5EE /* PBXTargetDependency */,
			);
			name = OddityTests;
			productName = OddityTests;
			productReference = B59196861FE4A00A00ECC5EE /* OddityTests.xctest */;
			productType = "com.apple.product-type.bundle.unit-test";
		};
		B59196901FE4A00A00ECC5EE /* OddityUITests */ = {
			isa = PBXNativeTarget;
			buildConfigurationList = B59196A01FE4A00A00ECC5EE /* Build configuration list for PBXNativeTarget "OddityUITests" */;
			buildPhases = (
				E409727BFBDC8049986DDB1F /* [CP] Check Pods Manifest.lock */,
				B591968D1FE4A00A00ECC5EE /* Sources */,
				B591968E1FE4A00A00ECC5EE /* Frameworks */,
				B591968F1FE4A00A00ECC5EE /* Resources */,
				5CB2CF0A6B4622FEE4462FAB /* [CP] Embed Pods Frameworks */,
				9C0BFE360E3D92BAA90E315C /* [CP] Copy Pods Resources */,
			);
			buildRules = (
			);
			dependencies = (
				B59196931FE4A00A00ECC5EE /* PBXTargetDependency */,
			);
			name = OddityUITests;
			productName = OddityUITests;
			productReference = B59196911FE4A00A00ECC5EE /* OddityUITests.xctest */;
			productType = "com.apple.product-type.bundle.ui-testing";
		};
/* End PBXNativeTarget section */

/* Begin PBXProject section */
		B591966A1FE4A00A00ECC5EE /* Project object */ = {
			isa = PBXProject;
			attributes = {
				LastSwiftUpdateCheck = 0900;
				LastUpgradeCheck = 0900;
				ORGANIZATIONNAME = "Punya Chatterjee";
				TargetAttributes = {
					B59196711FE4A00A00ECC5EE = {
						CreatedOnToolsVersion = 9.0;
						LastSwiftMigration = 0900;
						ProvisioningStyle = Automatic;
					};
					B59196851FE4A00A00ECC5EE = {
						CreatedOnToolsVersion = 9.0;
						ProvisioningStyle = Automatic;
						TestTargetID = B59196711FE4A00A00ECC5EE;
					};
					B59196901FE4A00A00ECC5EE = {
						CreatedOnToolsVersion = 9.0;
						ProvisioningStyle = Automatic;
						TestTargetID = B59196711FE4A00A00ECC5EE;
					};
				};
			};
			buildConfigurationList = B591966D1FE4A00A00ECC5EE /* Build configuration list for PBXProject "Oddity" */;
			compatibilityVersion = "Xcode 8.0";
			developmentRegion = en;
			hasScannedForEncodings = 0;
			knownRegions = (
				en,
				Base,
			);
			mainGroup = B59196691FE4A00A00ECC5EE;
			productRefGroup = B59196731FE4A00A00ECC5EE /* Products */;
			projectDirPath = "";
			projectRoot = "";
			targets = (
				B59196711FE4A00A00ECC5EE /* Oddity */,
				B59196851FE4A00A00ECC5EE /* OddityTests */,
				B59196901FE4A00A00ECC5EE /* OddityUITests */,
			);
		};
/* End PBXProject section */

/* Begin PBXResourcesBuildPhase section */
		B59196701FE4A00A00ECC5EE /* Resources */ = {
			isa = PBXResourcesBuildPhase;
			buildActionMask = 2147483647;
			files = (
				B55294A51FF2313E0060E2FA /* OddsDetail.storyboard in Resources */,
				B59196801FE4A00A00ECC5EE /* LaunchScreen.storyboard in Resources */,
				B59196A41FE4A0C200ECC5EE /* GoogleService-Info.plist in Resources */,
				B591967D1FE4A00A00ECC5EE /* Assets.xcassets in Resources */,
				B5A934781FEDE3B3000DA99D /* Login.storyboard in Resources */,
				B591967B1FE4A00A00ECC5EE /* Main.storyboard in Resources */,
			);
			runOnlyForDeploymentPostprocessing = 0;
		};
		B59196841FE4A00A00ECC5EE /* Resources */ = {
			isa = PBXResourcesBuildPhase;
			buildActionMask = 2147483647;
			files = (
				B59196A51FE4A0C200ECC5EE /* GoogleService-Info.plist in Resources */,
			);
			runOnlyForDeploymentPostprocessing = 0;
		};
		B591968F1FE4A00A00ECC5EE /* Resources */ = {
			isa = PBXResourcesBuildPhase;
			buildActionMask = 2147483647;
			files = (
				B59196A61FE4A0C300ECC5EE /* GoogleService-Info.plist in Resources */,
			);
			runOnlyForDeploymentPostprocessing = 0;
		};
/* End PBXResourcesBuildPhase section */

/* Begin PBXShellScriptBuildPhase section */
		37155AFE049EB6B27070B601 /* [CP] Embed Pods Frameworks */ = {
			isa = PBXShellScriptBuildPhase;
			buildActionMask = 2147483647;
			files = (
			);
			inputPaths = (
			);
			name = "[CP] Embed Pods Frameworks";
			outputPaths = (
			);
			runOnlyForDeploymentPostprocessing = 0;
			shellPath = /bin/sh;
			shellScript = "\"${SRCROOT}/Pods/Target Support Files/Pods-Oddity/Pods-Oddity-frameworks.sh\"\n";
			showEnvVarsInLog = 0;
		};
		5CB2CF0A6B4622FEE4462FAB /* [CP] Embed Pods Frameworks */ = {
			isa = PBXShellScriptBuildPhase;
			buildActionMask = 2147483647;
			files = (
			);
			inputPaths = (
			);
			name = "[CP] Embed Pods Frameworks";
			outputPaths = (
			);
			runOnlyForDeploymentPostprocessing = 0;
			shellPath = /bin/sh;
			shellScript = "\"${SRCROOT}/Pods/Target Support Files/Pods-OddityUITests/Pods-OddityUITests-frameworks.sh\"\n";
			showEnvVarsInLog = 0;
		};
		9C0BFE360E3D92BAA90E315C /* [CP] Copy Pods Resources */ = {
			isa = PBXShellScriptBuildPhase;
			buildActionMask = 2147483647;
			files = (
			);
			inputPaths = (
			);
			name = "[CP] Copy Pods Resources";
			outputPaths = (
			);
			runOnlyForDeploymentPostprocessing = 0;
			shellPath = /bin/sh;
			shellScript = "\"${SRCROOT}/Pods/Target Support Files/Pods-OddityUITests/Pods-OddityUITests-resources.sh\"\n";
			showEnvVarsInLog = 0;
		};
		AA09847CFD93D652A6369294 /* [CP] Copy Pods Resources */ = {
			isa = PBXShellScriptBuildPhase;
			buildActionMask = 2147483647;
			files = (
			);
			inputPaths = (
			);
			name = "[CP] Copy Pods Resources";
			outputPaths = (
			);
			runOnlyForDeploymentPostprocessing = 0;
			shellPath = /bin/sh;
			shellScript = "\"${SRCROOT}/Pods/Target Support Files/Pods-Oddity/Pods-Oddity-resources.sh\"\n";
			showEnvVarsInLog = 0;
		};
		B5115C85C4C6E3AD3F0275E7 /* [CP] Embed Pods Frameworks */ = {
			isa = PBXShellScriptBuildPhase;
			buildActionMask = 2147483647;
			files = (
			);
			inputPaths = (
			);
			name = "[CP] Embed Pods Frameworks";
			outputPaths = (
			);
			runOnlyForDeploymentPostprocessing = 0;
			shellPath = /bin/sh;
			shellScript = "\"${SRCROOT}/Pods/Target Support Files/Pods-OddityTests/Pods-OddityTests-frameworks.sh\"\n";
			showEnvVarsInLog = 0;
		};
		E38D53390CE5A8401F455579 /* [CP] Check Pods Manifest.lock */ = {
			isa = PBXShellScriptBuildPhase;
			buildActionMask = 2147483647;
			files = (
			);
			inputPaths = (
			);
			name = "[CP] Check Pods Manifest.lock";
			outputPaths = (
			);
			runOnlyForDeploymentPostprocessing = 0;
			shellPath = /bin/sh;
			shellScript = "diff \"${PODS_PODFILE_DIR_PATH}/Podfile.lock\" \"${PODS_ROOT}/Manifest.lock\" > /dev/null\nif [ $? != 0 ] ; then\n    # print error to STDERR\n    echo \"error: The sandbox is not in sync with the Podfile.lock. Run 'pod install' or update your CocoaPods installation.\" >&2\n    exit 1\nfi\n";
			showEnvVarsInLog = 0;
		};
		E409727BFBDC8049986DDB1F /* [CP] Check Pods Manifest.lock */ = {
			isa = PBXShellScriptBuildPhase;
			buildActionMask = 2147483647;
			files = (
			);
			inputPaths = (
			);
			name = "[CP] Check Pods Manifest.lock";
			outputPaths = (
			);
			runOnlyForDeploymentPostprocessing = 0;
			shellPath = /bin/sh;
			shellScript = "diff \"${PODS_PODFILE_DIR_PATH}/Podfile.lock\" \"${PODS_ROOT}/Manifest.lock\" > /dev/null\nif [ $? != 0 ] ; then\n    # print error to STDERR\n    echo \"error: The sandbox is not in sync with the Podfile.lock. Run 'pod install' or update your CocoaPods installation.\" >&2\n    exit 1\nfi\n";
			showEnvVarsInLog = 0;
		};
		F639F5A7304221DEB605EE03 /* [CP] Copy Pods Resources */ = {
			isa = PBXShellScriptBuildPhase;
			buildActionMask = 2147483647;
			files = (
			);
			inputPaths = (
			);
			name = "[CP] Copy Pods Resources";
			outputPaths = (
			);
			runOnlyForDeploymentPostprocessing = 0;
			shellPath = /bin/sh;
			shellScript = "\"${SRCROOT}/Pods/Target Support Files/Pods-OddityTests/Pods-OddityTests-resources.sh\"\n";
			showEnvVarsInLog = 0;
		};
		FA36E06D2B4B45B38A093459 /* [CP] Check Pods Manifest.lock */ = {
			isa = PBXShellScriptBuildPhase;
			buildActionMask = 2147483647;
			files = (
			);
			inputPaths = (
			);
			name = "[CP] Check Pods Manifest.lock";
			outputPaths = (
			);
			runOnlyForDeploymentPostprocessing = 0;
			shellPath = /bin/sh;
			shellScript = "diff \"${PODS_PODFILE_DIR_PATH}/Podfile.lock\" \"${PODS_ROOT}/Manifest.lock\" > /dev/null\nif [ $? != 0 ] ; then\n    # print error to STDERR\n    echo \"error: The sandbox is not in sync with the Podfile.lock. Run 'pod install' or update your CocoaPods installation.\" >&2\n    exit 1\nfi\n";
			showEnvVarsInLog = 0;
		};
/* End PBXShellScriptBuildPhase section */

/* Begin PBXSourcesBuildPhase section */
		B591966E1FE4A00A00ECC5EE /* Sources */ = {
			isa = PBXSourcesBuildPhase;
			buildActionMask = 2147483647;
			files = (
				B56AE5071FEC97BF0004E965 /* OddsLimitViewController.swift in Sources */,
				B5780C2A1FF1DD5F00694FB8 /* WelcomeViewController.swift in Sources */,
				B56AE5051FEC978E0004E965 /* OddsWaitingViewController.swift in Sources */,
				B55294A91FF253560060E2FA /* Match.swift in Sources */,
				B59196AA1FEB0F3900ECC5EE /* RoundButton.swift in Sources */,
				B5780C281FF0433F00694FB8 /* ColorThemes.swift in Sources */,
				B5E233BB1FEF0ED4007F3E10 /* PagesViewController.swift in Sources */,
				B5C0A3F21FEF7D9A006C7F40 /* ProfileViewController.swift in Sources */,
				B56AE50B1FEC97FC0004E965 /* OddsResultViewController.swift in Sources */,
				B56AE5091FEC97EA0004E965 /* OddsRespondViewController.swift in Sources */,
				B59196781FE4A00A00ECC5EE /* LoginViewController.swift in Sources */,
				B5780C2E1FF1F74D00694FB8 /* Validator.swift in Sources */,
				B55294AB1FF2F2F50060E2FA /* HistoryViewController.swift in Sources */,
				B59196761FE4A00A00ECC5EE /* AppDelegate.swift in Sources */,
				B5780C2C1FF1EB0A00694FB8 /* SignupViewController.swift in Sources */,
				B5C0A3F01FEF7D8A006C7F40 /* ProfileTableViewController.swift in Sources */,
				B59196AC1FEB1D0A00ECC5EE /* OddsDetailViewController.swift in Sources */,
				B55294A71FF24E770060E2FA /* HistoryTableViewCell.swift in Sources */,
				B5A934761FEDB288000DA99D /* HistoryTableViewController.swift in Sources */,
				B56AE5031FEC976B0004E965 /* OddsMasterViewController.swift in Sources */,
				B59196A81FE9A46800ECC5EE /* HomeViewController.swift in Sources */,
			);
			runOnlyForDeploymentPostprocessing = 0;
		};
		B59196821FE4A00A00ECC5EE /* Sources */ = {
			isa = PBXSourcesBuildPhase;
			buildActionMask = 2147483647;
			files = (
				B591968B1FE4A00A00ECC5EE /* OddityTests.swift in Sources */,
			);
			runOnlyForDeploymentPostprocessing = 0;
		};
		B591968D1FE4A00A00ECC5EE /* Sources */ = {
			isa = PBXSourcesBuildPhase;
			buildActionMask = 2147483647;
			files = (
				B59196961FE4A00A00ECC5EE /* OddityUITests.swift in Sources */,
			);
			runOnlyForDeploymentPostprocessing = 0;
		};
/* End PBXSourcesBuildPhase section */

/* Begin PBXTargetDependency section */
		B59196881FE4A00A00ECC5EE /* PBXTargetDependency */ = {
			isa = PBXTargetDependency;
			target = B59196711FE4A00A00ECC5EE /* Oddity */;
			targetProxy = B59196871FE4A00A00ECC5EE /* PBXContainerItemProxy */;
		};
		B59196931FE4A00A00ECC5EE /* PBXTargetDependency */ = {
			isa = PBXTargetDependency;
			target = B59196711FE4A00A00ECC5EE /* Oddity */;
			targetProxy = B59196921FE4A00A00ECC5EE /* PBXContainerItemProxy */;
		};
/* End PBXTargetDependency section */

/* Begin PBXVariantGroup section */
		B55294A31FF231370060E2FA /* OddsDetail.storyboard */ = {
			isa = PBXVariantGroup;
			children = (
				B55294A41FF231370060E2FA /* Base */,
			);
			name = OddsDetail.storyboard;
			sourceTree = "<group>";
		};
		B59196791FE4A00A00ECC5EE /* Main.storyboard */ = {
			isa = PBXVariantGroup;
			children = (
				B591967A1FE4A00A00ECC5EE /* Base */,
			);
			name = Main.storyboard;
			sourceTree = "<group>";
		};
		B591967E1FE4A00A00ECC5EE /* LaunchScreen.storyboard */ = {
			isa = PBXVariantGroup;
			children = (
				B591967F1FE4A00A00ECC5EE /* Base */,
			);
			name = LaunchScreen.storyboard;
			sourceTree = "<group>";
		};
/* End PBXVariantGroup section */

/* Begin XCBuildConfiguration section */
		B59196981FE4A00A00ECC5EE /* Debug */ = {
			isa = XCBuildConfiguration;
			buildSettings = {
				ALWAYS_SEARCH_USER_PATHS = NO;
				CLANG_ANALYZER_NONNULL = YES;
				CLANG_ANALYZER_NUMBER_OBJECT_CONVERSION = YES_AGGRESSIVE;
				CLANG_CXX_LANGUAGE_STANDARD = "gnu++14";
				CLANG_CXX_LIBRARY = "libc++";
				CLANG_ENABLE_MODULES = YES;
				CLANG_ENABLE_OBJC_ARC = YES;
				CLANG_WARN_BLOCK_CAPTURE_AUTORELEASING = YES;
				CLANG_WARN_BOOL_CONVERSION = YES;
				CLANG_WARN_COMMA = YES;
				CLANG_WARN_CONSTANT_CONVERSION = YES;
				CLANG_WARN_DIRECT_OBJC_ISA_USAGE = YES_ERROR;
				CLANG_WARN_DOCUMENTATION_COMMENTS = YES;
				CLANG_WARN_EMPTY_BODY = YES;
				CLANG_WARN_ENUM_CONVERSION = YES;
				CLANG_WARN_INFINITE_RECURSION = YES;
				CLANG_WARN_INT_CONVERSION = YES;
				CLANG_WARN_NON_LITERAL_NULL_CONVERSION = YES;
				CLANG_WARN_OBJC_LITERAL_CONVERSION = YES;
				CLANG_WARN_OBJC_ROOT_CLASS = YES_ERROR;
				CLANG_WARN_RANGE_LOOP_ANALYSIS = YES;
				CLANG_WARN_STRICT_PROTOTYPES = YES;
				CLANG_WARN_SUSPICIOUS_MOVE = YES;
				CLANG_WARN_UNGUARDED_AVAILABILITY = YES_AGGRESSIVE;
				CLANG_WARN_UNREACHABLE_CODE = YES;
				CLANG_WARN__DUPLICATE_METHOD_MATCH = YES;
				CODE_SIGN_IDENTITY = "iPhone Developer";
				COPY_PHASE_STRIP = NO;
				DEBUG_INFORMATION_FORMAT = dwarf;
				ENABLE_STRICT_OBJC_MSGSEND = YES;
				ENABLE_TESTABILITY = YES;
				GCC_C_LANGUAGE_STANDARD = gnu11;
				GCC_DYNAMIC_NO_PIC = NO;
				GCC_NO_COMMON_BLOCKS = YES;
				GCC_OPTIMIZATION_LEVEL = 0;
				GCC_PREPROCESSOR_DEFINITIONS = (
					"DEBUG=1",
					"$(inherited)",
				);
				GCC_WARN_64_TO_32_BIT_CONVERSION = YES;
				GCC_WARN_ABOUT_RETURN_TYPE = YES_ERROR;
				GCC_WARN_UNDECLARED_SELECTOR = YES;
				GCC_WARN_UNINITIALIZED_AUTOS = YES_AGGRESSIVE;
				GCC_WARN_UNUSED_FUNCTION = YES;
				GCC_WARN_UNUSED_VARIABLE = YES;
				IPHONEOS_DEPLOYMENT_TARGET = 11.0;
				MTL_ENABLE_DEBUG_INFO = YES;
				ONLY_ACTIVE_ARCH = YES;
				SDKROOT = iphoneos;
				SWIFT_ACTIVE_COMPILATION_CONDITIONS = DEBUG;
				SWIFT_OPTIMIZATION_LEVEL = "-Onone";
			};
			name = Debug;
		};
		B59196991FE4A00A00ECC5EE /* Release */ = {
			isa = XCBuildConfiguration;
			buildSettings = {
				ALWAYS_SEARCH_USER_PATHS = NO;
				CLANG_ANALYZER_NONNULL = YES;
				CLANG_ANALYZER_NUMBER_OBJECT_CONVERSION = YES_AGGRESSIVE;
				CLANG_CXX_LANGUAGE_STANDARD = "gnu++14";
				CLANG_CXX_LIBRARY = "libc++";
				CLANG_ENABLE_MODULES = YES;
				CLANG_ENABLE_OBJC_ARC = YES;
				CLANG_WARN_BLOCK_CAPTURE_AUTORELEASING = YES;
				CLANG_WARN_BOOL_CONVERSION = YES;
				CLANG_WARN_COMMA = YES;
				CLANG_WARN_CONSTANT_CONVERSION = YES;
				CLANG_WARN_DIRECT_OBJC_ISA_USAGE = YES_ERROR;
				CLANG_WARN_DOCUMENTATION_COMMENTS = YES;
				CLANG_WARN_EMPTY_BODY = YES;
				CLANG_WARN_ENUM_CONVERSION = YES;
				CLANG_WARN_INFINITE_RECURSION = YES;
				CLANG_WARN_INT_CONVERSION = YES;
				CLANG_WARN_NON_LITERAL_NULL_CONVERSION = YES;
				CLANG_WARN_OBJC_LITERAL_CONVERSION = YES;
				CLANG_WARN_OBJC_ROOT_CLASS = YES_ERROR;
				CLANG_WARN_RANGE_LOOP_ANALYSIS = YES;
				CLANG_WARN_STRICT_PROTOTYPES = YES;
				CLANG_WARN_SUSPICIOUS_MOVE = YES;
				CLANG_WARN_UNGUARDED_AVAILABILITY = YES_AGGRESSIVE;
				CLANG_WARN_UNREACHABLE_CODE = YES;
				CLANG_WARN__DUPLICATE_METHOD_MATCH = YES;
				CODE_SIGN_IDENTITY = "iPhone Developer";
				COPY_PHASE_STRIP = NO;
				DEBUG_INFORMATION_FORMAT = "dwarf-with-dsym";
				ENABLE_NS_ASSERTIONS = NO;
				ENABLE_STRICT_OBJC_MSGSEND = YES;
				GCC_C_LANGUAGE_STANDARD = gnu11;
				GCC_NO_COMMON_BLOCKS = YES;
				GCC_WARN_64_TO_32_BIT_CONVERSION = YES;
				GCC_WARN_ABOUT_RETURN_TYPE = YES_ERROR;
				GCC_WARN_UNDECLARED_SELECTOR = YES;
				GCC_WARN_UNINITIALIZED_AUTOS = YES_AGGRESSIVE;
				GCC_WARN_UNUSED_FUNCTION = YES;
				GCC_WARN_UNUSED_VARIABLE = YES;
				IPHONEOS_DEPLOYMENT_TARGET = 11.0;
				MTL_ENABLE_DEBUG_INFO = NO;
				SDKROOT = iphoneos;
				SWIFT_OPTIMIZATION_LEVEL = "-Owholemodule";
				VALIDATE_PRODUCT = YES;
			};
			name = Release;
		};
		B591969B1FE4A00A00ECC5EE /* Debug */ = {
			isa = XCBuildConfiguration;
			baseConfigurationReference = 0B525502C5238476DC404729 /* Pods-Oddity.debug.xcconfig */;
			buildSettings = {
				ASSETCATALOG_COMPILER_APPICON_NAME = AppIcon;
				CLANG_ENABLE_MODULES = YES;
				CODE_SIGN_STYLE = Automatic;
				DEVELOPMENT_TEAM = UZV9JB2U7V;
				INFOPLIST_FILE = Oddity/Info.plist;
				IPHONEOS_DEPLOYMENT_TARGET = 11.0;
				LD_RUNPATH_SEARCH_PATHS = "$(inherited) @executable_path/Frameworks";
				PRODUCT_BUNDLE_IDENTIFIER = punya.Oddity;
				PRODUCT_NAME = "$(TARGET_NAME)";
				SWIFT_OBJC_BRIDGING_HEADER = "Oddity-Bridging-Header.h";
				SWIFT_OPTIMIZATION_LEVEL = "-Onone";
				SWIFT_VERSION = 4.0;
				TARGETED_DEVICE_FAMILY = 1;
			};
			name = Debug;
		};
		B591969C1FE4A00A00ECC5EE /* Release */ = {
			isa = XCBuildConfiguration;
			baseConfigurationReference = 42CE0ADC18DC75ED5708D862 /* Pods-Oddity.release.xcconfig */;
			buildSettings = {
				ASSETCATALOG_COMPILER_APPICON_NAME = AppIcon;
				CLANG_ENABLE_MODULES = YES;
				CODE_SIGN_STYLE = Automatic;
				DEVELOPMENT_TEAM = UZV9JB2U7V;
				INFOPLIST_FILE = Oddity/Info.plist;
				IPHONEOS_DEPLOYMENT_TARGET = 11.0;
				LD_RUNPATH_SEARCH_PATHS = "$(inherited) @executable_path/Frameworks";
				PRODUCT_BUNDLE_IDENTIFIER = punya.Oddity;
				PRODUCT_NAME = "$(TARGET_NAME)";
				SWIFT_OBJC_BRIDGING_HEADER = "Oddity-Bridging-Header.h";
				SWIFT_VERSION = 4.0;
				TARGETED_DEVICE_FAMILY = 1;
			};
			name = Release;
		};
		B591969E1FE4A00A00ECC5EE /* Debug */ = {
			isa = XCBuildConfiguration;
			baseConfigurationReference = 5C1A83EED5D08A61DCD755F7 /* Pods-OddityTests.debug.xcconfig */;
			buildSettings = {
				ALWAYS_EMBED_SWIFT_STANDARD_LIBRARIES = YES;
				BUNDLE_LOADER = "$(TEST_HOST)";
				CODE_SIGN_STYLE = Automatic;
				DEVELOPMENT_TEAM = UZV9JB2U7V;
				INFOPLIST_FILE = OddityTests/Info.plist;
				LD_RUNPATH_SEARCH_PATHS = "$(inherited) @executable_path/Frameworks @loader_path/Frameworks";
				PRODUCT_BUNDLE_IDENTIFIER = punya.OddityTests;
				PRODUCT_NAME = "$(TARGET_NAME)";
				SWIFT_VERSION = 4.0;
				TARGETED_DEVICE_FAMILY = "1,2";
				TEST_HOST = "$(BUILT_PRODUCTS_DIR)/Oddity.app/Oddity";
			};
			name = Debug;
		};
		B591969F1FE4A00A00ECC5EE /* Release */ = {
			isa = XCBuildConfiguration;
			baseConfigurationReference = 36D3F5CE97D154241282224C /* Pods-OddityTests.release.xcconfig */;
			buildSettings = {
				ALWAYS_EMBED_SWIFT_STANDARD_LIBRARIES = YES;
				BUNDLE_LOADER = "$(TEST_HOST)";
				CODE_SIGN_STYLE = Automatic;
				DEVELOPMENT_TEAM = UZV9JB2U7V;
				INFOPLIST_FILE = OddityTests/Info.plist;
				LD_RUNPATH_SEARCH_PATHS = "$(inherited) @executable_path/Frameworks @loader_path/Frameworks";
				PRODUCT_BUNDLE_IDENTIFIER = punya.OddityTests;
				PRODUCT_NAME = "$(TARGET_NAME)";
				SWIFT_VERSION = 4.0;
				TARGETED_DEVICE_FAMILY = "1,2";
				TEST_HOST = "$(BUILT_PRODUCTS_DIR)/Oddity.app/Oddity";
			};
			name = Release;
		};
		B59196A11FE4A00A00ECC5EE /* Debug */ = {
			isa = XCBuildConfiguration;
			baseConfigurationReference = 5F4743E9A261294C02EFC46B /* Pods-OddityUITests.debug.xcconfig */;
			buildSettings = {
				ALWAYS_EMBED_SWIFT_STANDARD_LIBRARIES = YES;
				CODE_SIGN_STYLE = Automatic;
				DEVELOPMENT_TEAM = UZV9JB2U7V;
				INFOPLIST_FILE = OddityUITests/Info.plist;
				LD_RUNPATH_SEARCH_PATHS = "$(inherited) @executable_path/Frameworks @loader_path/Frameworks";
				PRODUCT_BUNDLE_IDENTIFIER = punya.OddityUITests;
				PRODUCT_NAME = "$(TARGET_NAME)";
				SWIFT_VERSION = 4.0;
				TARGETED_DEVICE_FAMILY = "1,2";
				TEST_TARGET_NAME = Oddity;
			};
			name = Debug;
		};
		B59196A21FE4A00A00ECC5EE /* Release */ = {
			isa = XCBuildConfiguration;
			baseConfigurationReference = 9330D98432E2019994AAD05B /* Pods-OddityUITests.release.xcconfig */;
			buildSettings = {
				ALWAYS_EMBED_SWIFT_STANDARD_LIBRARIES = YES;
				CODE_SIGN_STYLE = Automatic;
				DEVELOPMENT_TEAM = UZV9JB2U7V;
				INFOPLIST_FILE = OddityUITests/Info.plist;
				LD_RUNPATH_SEARCH_PATHS = "$(inherited) @executable_path/Frameworks @loader_path/Frameworks";
				PRODUCT_BUNDLE_IDENTIFIER = punya.OddityUITests;
				PRODUCT_NAME = "$(TARGET_NAME)";
				SWIFT_VERSION = 4.0;
				TARGETED_DEVICE_FAMILY = "1,2";
				TEST_TARGET_NAME = Oddity;
			};
			name = Release;
		};
/* End XCBuildConfiguration section */

/* Begin XCConfigurationList section */
		B591966D1FE4A00A00ECC5EE /* Build configuration list for PBXProject "Oddity" */ = {
			isa = XCConfigurationList;
			buildConfigurations = (
				B59196981FE4A00A00ECC5EE /* Debug */,
				B59196991FE4A00A00ECC5EE /* Release */,
			);
			defaultConfigurationIsVisible = 0;
			defaultConfigurationName = Release;
		};
		B591969A1FE4A00A00ECC5EE /* Build configuration list for PBXNativeTarget "Oddity" */ = {
			isa = XCConfigurationList;
			buildConfigurations = (
				B591969B1FE4A00A00ECC5EE /* Debug */,
				B591969C1FE4A00A00ECC5EE /* Release */,
			);
			defaultConfigurationIsVisible = 0;
			defaultConfigurationName = Release;
		};
		B591969D1FE4A00A00ECC5EE /* Build configuration list for PBXNativeTarget "OddityTests" */ = {
			isa = XCConfigurationList;
			buildConfigurations = (
				B591969E1FE4A00A00ECC5EE /* Debug */,
				B591969F1FE4A00A00ECC5EE /* Release */,
			);
			defaultConfigurationIsVisible = 0;
			defaultConfigurationName = Release;
		};
		B59196A01FE4A00A00ECC5EE /* Build configuration list for PBXNativeTarget "OddityUITests" */ = {
			isa = XCConfigurationList;
			buildConfigurations = (
				B59196A11FE4A00A00ECC5EE /* Debug */,
				B59196A21FE4A00A00ECC5EE /* Release */,
			);
			defaultConfigurationIsVisible = 0;
			defaultConfigurationName = Release;
		};
/* End XCConfigurationList section */
	};
	rootObject = B591966A1FE4A00A00ECC5EE /* Project object */;
}
